<?xml version="1.0" encoding="UTF-8" standalone="yes" ?>
<CodeBlocks_project_file>
	<FileVersion major="1" minor="6" />
	<Project>
		<Option title="UDJAT Module D-Bus" />
		<Option makefile_is_custom="1" />
		<Option pch_mode="2" />
		<Option compiler="gcc" />
		<Build>
			<Target title="Debug">
				<Option output=".bin/Debug/udjat-test" prefix_auto="1" extension_auto="1" />
				<Option object_output=".obj/Debug/" />
				<Option type="1" />
				<Option compiler="gcc" />
				<Compiler>
					<Add option="-g" />
					<Add option="-DDEBUG=1" />
				</Compiler>
			</Target>
			<Target title="Release">
				<Option output=".bin/Release/UDJAT Module D-Bus" prefix_auto="1" extension_auto="1" />
				<Option object_output=".obj/Release/" />
				<Option type="1" />
				<Option compiler="gcc" />
				<Compiler>
					<Add option="-O2" />
					<Add option="-DNDEBUG=1" />
				</Compiler>
				<Linker>
					<Add option="-s" />
				</Linker>
			</Target>
		</Build>
		<Compiler>
			<Add option="-Wall" />
			<Add option="`pkg-config --cflags libudjat dbus-1`" />
			<Add option="-pthread" />
			<Add directory="src/include" />
		</Compiler>
		<Linker>
			<Add option="`pkg-config --libs libudjat dbus-1`" />
			<Add option="-pthread" />
		</Linker>
		<Unit filename="src/include/config.h" />
		<Unit filename="src/include/udjat/tools/dbus.h" />
		<Unit filename="src/library/call.cc" />
		<Unit filename="src/library/connection.cc" />
		<Unit filename="src/library/dispatcher.cc" />
		<Unit filename="src/library/filter.cc" />
		<Unit filename="src/library/interface.cc" />
		<Unit filename="src/library/message.cc" />
		<Unit filename="src/library/private.h" />
		<Unit filename="src/library/request.cc" />
		<Unit filename="src/library/response.cc" />
		<Unit filename="src/library/signals.cc" />
		<Unit filename="src/library/timeout.cc" />
		<Unit filename="src/library/value.cc" />
		<Unit filename="src/library/watch.cc" />
		<Unit filename="src/library/worker.cc" />
		<Unit filename="src/module/init.cc" />
		<Unit filename="src/module/private.h" />
		<Unit filename="src/module/udjatworker.cc" />
		<Unit filename="src/testprogram/testprogram.cc" />
		<Extensions />
	</Project>
</CodeBlocks_project_file>
